
Microsoft Visual Studio Solution File, Format Version 12.00
# Visual Studio Version 17
VisualStudioVersion = 17.7.34009.444
MinimumVisualStudioVersion = 10.0.40219.1
Project("{FAE04EC0-301F-11D3-BF4B-00C04F79EFBC}") = "OpenDanmaki", "OpenDanmaki\OpenDanmaki.csproj", "{FA82FF78-5144-4347-ADC2-2F3127730F00}"
EndProject
Project("{FAE04EC0-301F-11D3-BF4B-00C04F79EFBC}") = "OpenDanmaki.Cli", "OpenDanmaki.Cli\OpenDanmaki.Cli.csproj", "{048E1499-5B63-42B4-9D80-CB8CFAEC39F3}"
EndProject
Global
	GlobalSection(SolutionConfigurationPlatforms) = preSolution
		Debug|Any CPU = Debug|Any CPU
		Release|Any CPU = Release|Any CPU
	EndGlobalSection
	GlobalSection(ProjectConfigurationPlatforms) = postSolution
		{FA82FF78-5144-4347-ADC2-2F3127730F00}.Debug|Any CPU.ActiveCfg = Debug|Any CPU
		{FA82FF78-5144-4347-ADC2-2F3127730F00}.Debug|Any CPU.Build.0 = Debug|Any CPU
		{FA82FF78-5144-4347-ADC2-2F3127730F00}.Release|Any CPU.ActiveCfg = Release|Any CPU
		{FA82FF78-5144-4347-ADC2-2F3127730F00}.Release|Any CPU.Build.0 = Release|Any CPU
		{048E1499-5B63-42B4-9D80-CB8CFAEC39F3}.Debug|Any CPU.ActiveCfg = Debug|Any CPU
		{048E1499-5B63-42B4-9D80-CB8CFAEC39F3}.Debug|Any CPU.Build.0 = Debug|Any CPU
		{048E1499-5B63-42B4-9D80-CB8CFAEC39F3}.Release|Any CPU.ActiveCfg = Release|Any CPU
		{048E1499-5B63-42B4-9D80-CB8CFAEC39F3}.Release|Any CPU.Build.0 = Release|Any CPU
	EndGlobalSection
	GlobalSection(SolutionProperties) = preSolution
		HideSolutionNode = FALSE
	EndGlobalSection
	GlobalSection(ExtensibilityGlobals) = postSolution
		SolutionGuid = {3CBA4DB2-F8C8-4D66-B495-C2428B6501A8}
	EndGlobalSection
EndGlobal
